// !$*UTF8*$!
{
	archiveVersion = 1;
	classes = {
	};
	objectVersion = 56;
	objects = {

/* Begin PBXBuildFile section */
		C5BB2FDD2AFF540C000CC99B /* AppDelegate.swift in Sources */ = {isa = PBXBuildFile; fileRef = C5BB2FDC2AFF540C000CC99B /* AppDelegate.swift */; };
		C5BB2FDF2AFF540C000CC99B /* SceneDelegate.swift in Sources */ = {isa = PBXBuildFile; fileRef = C5BB2FDE2AFF540C000CC99B /* SceneDelegate.swift */; };
		C5BB2FE12AFF540C000CC99B /* ViewController.swift in Sources */ = {isa = PBXBuildFile; fileRef = C5BB2FE02AFF540C000CC99B /* ViewController.swift */; };
		C5BB2FE42AFF540D000CC99B /* Main.storyboard in Resources */ = {isa = PBXBuildFile; fileRef = C5BB2FE22AFF540D000CC99B /* Main.storyboard */; };
		C5BB2FE62AFF540E000CC99B /* Assets.xcassets in Resources */ = {isa = PBXBuildFile; fileRef = C5BB2FE52AFF540E000CC99B /* Assets.xcassets */; };
		C5BB2FE92AFF540E000CC99B /* LaunchScreen.storyboard in Resources */ = {isa = PBXBuildFile; fileRef = C5BB2FE72AFF540E000CC99B /* LaunchScreen.storyboard */; };
		C5BB2FF72AFF6335000CC99B /* PythonKit in Frameworks */ = {isa = PBXBuildFile; productRef = C5BB2FF62AFF6335000CC99B /* PythonKit */; };
/* End PBXBuildFile section */

/* Begin PBXFileReference section */
		C5BB2FD92AFF540C000CC99B /* ortu-fix.app */ = {isa = PBXFileReference; explicitFileType = wrapper.application; includeInIndex = 0; path = "ortu-fix.app"; sourceTree = BUILT_PRODUCTS_DIR; };
		C5BB2FDC2AFF540C000CC99B /* AppDelegate.swift */ = {isa = PBXFileReference; lastKnownFileType = sourcecode.swift; path = AppDelegate.swift; sourceTree = "<group>"; };
		C5BB2FDE2AFF540C000CC99B /* SceneDelegate.swift */ = {isa = PBXFileReference; lastKnownFileType = sourcecode.swift; path = SceneDelegate.swift; sourceTree = "<group>"; };
		C5BB2FE02AFF540C000CC99B /* ViewController.swift */ = {isa = PBXFileReference; lastKnownFileType = sourcecode.swift; path = ViewController.swift; sourceTree = "<group>"; };
		C5BB2FE32AFF540D000CC99B /* Base */ = {isa = PBXFileReference; lastKnownFileType = file.storyboard; name = Base; path = Base.lproj/Main.storyboard; sourceTree = "<group>"; };
		C5BB2FE52AFF540E000CC99B /* Assets.xcassets */ = {isa = PBXFileReference; lastKnownFileType = folder.assetcatalog; path = Assets.xcassets; sourceTree = "<group>"; };
		C5BB2FE82AFF540E000CC99B /* Base */ = {isa = PBXFileReference; lastKnownFileType = file.storyboard; name = Base; path = Base.lproj/LaunchScreen.storyboard; sourceTree = "<group>"; };
		C5BB2FEA2AFF540E000CC99B /* Info.plist */ = {isa = PBXFileReference; lastKnownFileType = text.plist.xml; path = Info.plist; sourceTree = "<group>"; };
		C5BB2FF42AFF62D9000CC99B /* BridgingHeader.h */ = {isa = PBXFileReference; lastKnownFileType = sourcecode.c.h; path = BridgingHeader.h; sourceTree = "<group>"; };
/* End PBXFileReference section */

/* Begin PBXFrameworksBuildPhase section */
		C5BB2FD62AFF540C000CC99B /* Frameworks */ = {
			isa = PBXFrameworksBuildPhase;
			buildActionMask = 2147483647;
			files = (
				C5BB2FF72AFF6335000CC99B /* PythonKit in Frameworks */,
			);
			runOnlyForDeploymentPostprocessing = 0;
		};
/* End PBXFrameworksBuildPhase section */

/* Begin PBXGroup section */
		C5BB2FD02AFF540C000CC99B = {
			isa = PBXGroup;
			children = (
				C5BB2FDB2AFF540C000CC99B /* ortu-fix */,
				C5BB2FDA2AFF540C000CC99B /* Products */,
			);
			sourceTree = "<group>";
		};
		C5BB2FDA2AFF540C000CC99B /* Products */ = {
			isa = PBXGroup;
			children = (
				C5BB2FD92AFF540C000CC99B /* ortu-fix.app */,
			);
			name = Products;
			sourceTree = "<group>";
		};
		C5BB2FDB2AFF540C000CC99B /* ortu-fix */ = {
			isa = PBXGroup;
			children = (
				C5BB2FDC2AFF540C000CC99B /* AppDelegate.swift */,
				C5BB2FDE2AFF540C000CC99B /* SceneDelegate.swift */,
				C5BB2FE02AFF540C000CC99B /* ViewController.swift */,
				C5BB2FE22AFF540D000CC99B /* Main.storyboard */,
				C5BB2FE52AFF540E000CC99B /* Assets.xcassets */,
				C5BB2FE72AFF540E000CC99B /* LaunchScreen.storyboard */,
				C5BB2FEA2AFF540E000CC99B /* Info.plist */,
				C5BB2FF42AFF62D9000CC99B /* BridgingHeader.h */,
			);
			path = "ortu-fix";
			sourceTree = "<group>";
		};
/* End PBXGroup section */

/* Begin PBXNativeTarget section */
		C5BB2FD82AFF540C000CC99B /* ortu-fix */ = {
			isa = PBXNativeTarget;
			buildConfigurationList = C5BB2FED2AFF540E000CC99B /* Build configuration list for PBXNativeTarget "ortu-fix" */;
			buildPhases = (
				C5BB2FD52AFF540C000CC99B /* Sources */,
				C5BB2FD62AFF540C000CC99B /* Frameworks */,
				C5BB2FD72AFF540C000CC99B /* Resources */,
			);
			buildRules = (
			);
			dependencies = (
			);
			name = "ortu-fix";
			packageProductDependencies = (
				C5BB2FF62AFF6335000CC99B /* PythonKit */,
			);
			productName = "ortu-fix";
			productReference = C5BB2FD92AFF540C000CC99B /* ortu-fix.app */;
			productType = "com.apple.product-type.application";
		};
/* End PBXNativeTarget section */

/* Begin PBXProject section */
		C5BB2FD12AFF540C000CC99B /* Project object */ = {
			isa = PBXProject;
			attributes = {
				BuildIndependentTargetsInParallel = 1;
				LastSwiftUpdateCheck = 1430;
				LastUpgradeCheck = 1430;
				TargetAttributes = {
					C5BB2FD82AFF540C000CC99B = {
						CreatedOnToolsVersion = 14.3.1;
					};
				};
			};
			buildConfigurationList = C5BB2FD42AFF540C000CC99B /* Build configuration list for PBXProject "ortu-fix" */;
			compatibilityVersion = "Xcode 14.0";
			developmentRegion = en;
			hasScannedForEncodings = 0;
			knownRegions = (
				en,
				Base,
			);
			mainGroup = C5BB2FD02AFF540C000CC99B;
			packageReferences = (
				C5BB2FF52AFF6335000CC99B /* XCRemoteSwiftPackageReference "PythonKit" */,
			);
			productRefGroup = C5BB2FDA2AFF540C000CC99B /* Products */;
			projectDirPath = "";
			projectRoot = "";
			targets = (
				C5BB2FD82AFF540C000CC99B /* ortu-fix */,
			);
		};
/* End PBXProject section */

/* Begin PBXResourcesBuildPhase section */
		C5BB2FD72AFF540C000CC99B /* Resources */ = {
			isa = PBXResourcesBuildPhase;
			buildActionMask = 2147483647;
			files = (
				C5BB2FE92AFF540E000CC99B /* LaunchScreen.storyboard in Resources */,
				C5BB2FE62AFF540E000CC99B /* Assets.xcassets in Resources */,
				C5BB2FE42AFF540D000CC99B /* Main.storyboard in Resources */,
			);
			runOnlyForDeploymentPostprocessing = 0;
		};
/* End PBXResourcesBuildPhase section */

/* Begin PBXSourcesBuildPhase section */
		C5BB2FD52AFF540C000CC99B /* Sources */ = {
			isa = PBXSourcesBuildPhase;
			buildActionMask = 2147483647;
			files = (
				C5BB2FE12AFF540C000CC99B /* ViewController.swift in Sources */,
				C5BB2FDD2AFF540C000CC99B /* AppDelegate.swift in Sources */,
				C5BB2FDF2AFF540C000CC99B /* SceneDelegate.swift in Sources */,
			);
			runOnlyForDeploymentPostprocessing = 0;
		};
/* End PBXSourcesBuildPhase section */

/* Begin PBXVariantGroup section */
		C5BB2FE22AFF540D000CC99B /* Main.storyboard */ = {
			isa = PBXVariantGroup;
			children = (
				C5BB2FE32AFF540D000CC99B /* Base */,
			);
			name = Main.storyboard;
			sourceTree = "<group>";
		};
		C5BB2FE72AFF540E000CC99B /* LaunchScreen.storyboard */ = {
			isa = PBXVariantGroup;
			children = (
				C5BB2FE82AFF540E000CC99B /* Base */,
			);
			name = LaunchScreen.storyboard;
			sourceTree = "<group>";
		};
/* End PBXVariantGroup section */

/* Begin XCBuildConfiguration section */
		C5BB2FEB2AFF540E000CC99B /* Debug */ = {
			isa = XCBuildConfiguration;
			buildSettings = {
				ALWAYS_SEARCH_USER_PATHS = NO;
				CLANG_ANALYZER_NONNULL = YES;
				CLANG_ANALYZER_NUMBER_OBJECT_CONVERSION = YES_AGGRESSIVE;
				CLANG_CXX_LANGUAGE_STANDARD = "gnu++20";
				CLANG_ENABLE_MODULES = YES;
				CLANG_ENABLE_OBJC_ARC = YES;
				CLANG_ENABLE_OBJC_WEAK = YES;
				CLANG_WARN_BLOCK_CAPTURE_AUTORELEASING = YES;
				CLANG_WARN_BOOL_CONVERSION = YES;
				CLANG_WARN_COMMA = YES;
				CLANG_WARN_CONSTANT_CONVERSION = YES;
				CLANG_WARN_DEPRECATED_OBJC_IMPLEMENTATIONS = YES;
				CLANG_WARN_DIRECT_OBJC_ISA_USAGE = YES_ERROR;
				CLANG_WARN_DOCUMENTATION_COMMENTS = YES;
				CLANG_WARN_EMPTY_BODY = YES;
				CLANG_WARN_ENUM_CONVERSION = YES;
				CLANG_WARN_INFINITE_RECURSION = YES;
				CLANG_WARN_INT_CONVERSION = YES;
				CLANG_WARN_NON_LITERAL_NULL_CONVERSION = YES;
				CLANG_WARN_OBJC_IMPLICIT_RETAIN_SELF = YES;
				CLANG_WARN_OBJC_LITERAL_CONVERSION = YES;
				CLANG_WARN_OBJC_ROOT_CLASS = YES_ERROR;
				CLANG_WARN_QUOTED_INCLUDE_IN_FRAMEWORK_HEADER = YES;
				CLANG_WARN_RANGE_LOOP_ANALYSIS = YES;
				CLANG_WARN_STRICT_PROTOTYPES = YES;
				CLANG_WARN_SUSPICIOUS_MOVE = YES;
				CLANG_WARN_UNGUARDED_AVAILABILITY = YES_AGGRESSIVE;
				CLANG_WARN_UNREACHABLE_CODE = YES;
				CLANG_WARN__DUPLICATE_METHOD_MATCH = YES;
				COPY_PHASE_STRIP = NO;
				DEBUG_INFORMATION_FORMAT = dwarf;
				ENABLE_STRICT_OBJC_MSGSEND = YES;
				ENABLE_TESTABILITY = YES;
				GCC_C_LANGUAGE_STANDARD = gnu11;
				GCC_DYNAMIC_NO_PIC = NO;
				GCC_NO_COMMON_BLOCKS = YES;
				GCC_OPTIMIZATION_LEVEL = 0;
				GCC_PREPROCESSOR_DEFINITIONS = (
					"DEBUG=1",
					"$(inherited)",
				);
				GCC_WARN_64_TO_32_BIT_CONVERSION = YES;
				GCC_WARN_ABOUT_RETURN_TYPE = YES_ERROR;
				GCC_WARN_UNDECLARED_SELECTOR = YES;
				GCC_WARN_UNINITIALIZED_AUTOS = YES_AGGRESSIVE;
				GCC_WARN_UNUSED_FUNCTION = YES;
				GCC_WARN_UNUSED_VARIABLE = YES;
				IPHONEOS_DEPLOYMENT_TARGET = 16.4;
				MTL_ENABLE_DEBUG_INFO = INCLUDE_SOURCE;
				MTL_FAST_MATH = YES;
				ONLY_ACTIVE_ARCH = YES;
				SDKROOT = iphoneos;
				SWIFT_ACTIVE_COMPILATION_CONDITIONS = DEBUG;
				SWIFT_OPTIMIZATION_LEVEL = "-Onone";
			};
			name = Debug;
		};
		C5BB2FEC2AFF540E000CC99B /* Release */ = {
			isa = XCBuildConfiguration;
			buildSettings = {
				ALWAYS_SEARCH_USER_PATHS = NO;
				CLANG_ANALYZER_NONNULL = YES;
				CLANG_ANALYZER_NUMBER_OBJECT_CONVERSION = YES_AGGRESSIVE;
				CLANG_CXX_LANGUAGE_STANDARD = "gnu++20";
				CLANG_ENABLE_MODULES = YES;
				CLANG_ENABLE_OBJC_ARC = YES;
				CLANG_ENABLE_OBJC_WEAK = YES;
				CLANG_WARN_BLOCK_CAPTURE_AUTORELEASING = YES;
				CLANG_WARN_BOOL_CONVERSION = YES;
				CLANG_WARN_COMMA = YES;
				CLANG_WARN_CONSTANT_CONVERSION = YES;
				CLANG_WARN_DEPRECATED_OBJC_IMPLEMENTATIONS = YES;
				CLANG_WARN_DIRECT_OBJC_ISA_USAGE = YES_ERROR;
				CLANG_WARN_DOCUMENTATION_COMMENTS = YES;
				CLANG_WARN_EMPTY_BODY = YES;
				CLANG_WARN_ENUM_CONVERSION = YES;
				CLANG_WARN_INFINITE_RECURSION = YES;
				CLANG_WARN_INT_CONVERSION = YES;
				CLANG_WARN_NON_LITERAL_NULL_CONVERSION = YES;
				CLANG_WARN_OBJC_IMPLICIT_RETAIN_SELF = YES;
				CLANG_WARN_OBJC_LITERAL_CONVERSION = YES;
				CLANG_WARN_OBJC_ROOT_CLASS = YES_ERROR;
				CLANG_WARN_QUOTED_INCLUDE_IN_FRAMEWORK_HEADER = YES;
				CLANG_WARN_RANGE_LOOP_ANALYSIS = YES;
				CLANG_WARN_STRICT_PROTOTYPES = YES;
				CLANG_WARN_SUSPICIOUS_MOVE = YES;
				CLANG_WARN_UNGUARDED_AVAILABILITY = YES_AGGRESSIVE;
				CLANG_WARN_UNREACHABLE_CODE = YES;
				CLANG_WARN__DUPLICATE_METHOD_MATCH = YES;
				COPY_PHASE_STRIP = NO;
				DEBUG_INFORMATION_FORMAT = "dwarf-with-dsym";
				ENABLE_NS_ASSERTIONS = NO;
				ENABLE_STRICT_OBJC_MSGSEND = YES;
				GCC_C_LANGUAGE_STANDARD = gnu11;
				GCC_NO_COMMON_BLOCKS = YES;
				GCC_WARN_64_TO_32_BIT_CONVERSION = YES;
				GCC_WARN_ABOUT_RETURN_TYPE = YES_ERROR;
				GCC_WARN_UNDECLARED_SELECTOR = YES;
				GCC_WARN_UNINITIALIZED_AUTOS = YES_AGGRESSIVE;
				GCC_WARN_UNUSED_FUNCTION = YES;
				GCC_WARN_UNUSED_VARIABLE = YES;
				IPHONEOS_DEPLOYMENT_TARGET = 16.4;
				MTL_ENABLE_DEBUG_INFO = NO;
				MTL_FAST_MATH = YES;
				SDKROOT = iphoneos;
				SWIFT_COMPILATION_MODE = wholemodule;
				SWIFT_OPTIMIZATION_LEVEL = "-O";
				VALIDATE_PRODUCT = YES;
			};
			name = Release;
		};
		C5BB2FEE2AFF540E000CC99B /* Debug */ = {
			isa = XCBuildConfiguration;
			buildSettings = {
				ASSETCATALOG_COMPILER_APPICON_NAME = AppIcon;
				ASSETCATALOG_COMPILER_GLOBAL_ACCENT_COLOR_NAME = AccentColor;
				CODE_SIGN_STYLE = Automatic;
				CURRENT_PROJECT_VERSION = 1;
				DEVELOPMENT_TEAM = B6478QWLJ3;
				GENERATE_INFOPLIST_FILE = YES;
				INFOPLIST_FILE = "ortu-fix/Info.plist";
				INFOPLIST_KEY_UIApplicationSupportsIndirectInputEvents = YES;
				INFOPLIST_KEY_UILaunchStoryboardName = LaunchScreen;
				INFOPLIST_KEY_UIMainStoryboardFile = Main;
				INFOPLIST_KEY_UISupportedInterfaceOrientations_iPad = "UIInterfaceOrientationPortrait UIInterfaceOrientationPortraitUpsideDown UIInterfaceOrientationLandscapeLeft UIInterfaceOrientationLandscapeRight";
				INFOPLIST_KEY_UISupportedInterfaceOrientations_iPhone = "UIInterfaceOrientationPortrait UIInterfaceOrientationLandscapeLeft UIInterfaceOrientationLandscapeRight";
				IPHONEOS_DEPLOYMENT_TARGET = 14.0;
				LD_RUNPATH_SEARCH_PATHS = (
					"$(inherited)",
					"@executable_path/Frameworks",
				);
				MARKETING_VERSION = 1.0;
				PRODUCT_BUNDLE_IDENTIFIER = "tech.birru.ortu-fix";
				PRODUCT_NAME = "$(TARGET_NAME)";
				SWIFT_EMIT_LOC_STRINGS = YES;
				SWIFT_VERSION = 5.0;
				TARGETED_DEVICE_FAMILY = "1,2";
			};
			name = Debug;
		};
		C5BB2FEF2AFF540E000CC99B /* Release */ = {
			isa = XCBuildConfiguration;
			buildSettings = {
				ASSETCATALOG_COMPILER_APPICON_NAME = AppIcon;
				ASSETCATALOG_COMPILER_GLOBAL_ACCENT_COLOR_NAME = AccentColor;
				CODE_SIGN_STYLE = Automatic;
				CURRENT_PROJECT_VERSION = 1;
				DEVELOPMENT_TEAM = B6478QWLJ3;
				GENERATE_INFOPLIST_FILE = YES;
				INFOPLIST_FILE = "ortu-fix/Info.plist";
				INFOPLIST_KEY_UIApplicationSupportsIndirectInputEvents = YES;
				INFOPLIST_KEY_UILaunchStoryboardName = LaunchScreen;
				INFOPLIST_KEY_UIMainStoryboardFile = Main;
				INFOPLIST_KEY_UISupportedInterfaceOrientations_iPad = "UIInterfaceOrientationPortrait UIInterfaceOrientationPortraitUpsideDown UIInterfaceOrientationLandscapeLeft UIInterfaceOrientationLandscapeRight";
				INFOPLIST_KEY_UISupportedInterfaceOrientations_iPhone = "UIInterfaceOrientationPortrait UIInterfaceOrientationLandscapeLeft UIInterfaceOrientationLandscapeRight";
				IPHONEOS_DEPLOYMENT_TARGET = 14.0;
				LD_RUNPATH_SEARCH_PATHS = (
					"$(inherited)",
					"@executable_path/Frameworks",
				);
				MARKETING_VERSION = 1.0;
				PRODUCT_BUNDLE_IDENTIFIER = "tech.birru.ortu-fix";
				PRODUCT_NAME = "$(TARGET_NAME)";
				SWIFT_EMIT_LOC_STRINGS = YES;
				SWIFT_VERSION = 5.0;
				TARGETED_DEVICE_FAMILY = "1,2";
			};
			name = Release;
		};
/* End XCBuildConfiguration section */

/* Begin XCConfigurationList section */
		C5BB2FD42AFF540C000CC99B /* Build configuration list for PBXProject "ortu-fix" */ = {
			isa = XCConfigurationList;
			buildConfigurations = (
				C5BB2FEB2AFF540E000CC99B /* Debug */,
				C5BB2FEC2AFF540E000CC99B /* Release */,
			);
			defaultConfigurationIsVisible = 0;
			defaultConfigurationName = Release;
		};
		C5BB2FED2AFF540E000CC99B /* Build configuration list for PBXNativeTarget "ortu-fix" */ = {
			isa = XCConfigurationList;
			buildConfigurations = (
				C5BB2FEE2AFF540E000CC99B /* Debug */,
				C5BB2FEF2AFF540E000CC99B /* Release */,
			);
			defaultConfigurationIsVisible = 0;
			defaultConfigurationName = Release;
		};
/* End XCConfigurationList section */

/* Begin XCRemoteSwiftPackageReference section */
		C5BB2FF52AFF6335000CC99B /* XCRemoteSwiftPackageReference "PythonKit" */ = {
			isa = XCRemoteSwiftPackageReference;
			repositoryURL = "https://github.com/pvieito/PythonKit";
			requirement = {
				branch = master;
				kind = branch;
			};
		};
/* End XCRemoteSwiftPackageReference section */

/* Begin XCSwiftPackageProductDependency section */
		C5BB2FF62AFF6335000CC99B /* PythonKit */ = {
			isa = XCSwiftPackageProductDependency;
			package = C5BB2FF52AFF6335000CC99B /* XCRemoteSwiftPackageReference "PythonKit" */;
			productName = PythonKit;
		};
/* End XCSwiftPackageProductDependency section */
	};
	rootObject = C5BB2FD12AFF540C000CC99B /* Project object */;
}
